
Microsoft Visual Studio Solution File, Format Version 12.00
# Visual Studio Version 16
VisualStudioVersion = 16.0.31313.79
MinimumVisualStudioVersion = 10.0.40219.1
Project("{FAE04EC0-301F-11D3-BF4B-00C04F79EFBC}") = "Northwind2.BDO", "Northwind2.BDO\Northwind2.BDO.csproj", "{360F3B60-3B85-4425-BFB0-4E30447AA324}"
EndProject
Project("{FAE04EC0-301F-11D3-BF4B-00C04F79EFBC}") = "Northwind2.BLL", "Northwind2.BLL\Northwind2.BLL.csproj", "{03E402A2-F3D5-444C-BB36-72C5D2C14D0B}"
EndProject
Project("{FAE04EC0-301F-11D3-BF4B-00C04F79EFBC}") = "Northwind2.BLL.Tests", "Northwind2.BLL.Tests\Northwind2.BLL.Tests.csproj", "{69573F5B-FF50-4F27-8633-61074232DABD}"
EndProject
Project("{FAE04EC0-301F-11D3-BF4B-00C04F79EFBC}") = "Northwind2.Common", "Northwind2.Common\Northwind2.Common.csproj", "{A4D63B87-B0FE-468F-B3A0-9271CBC302ED}"
EndProject
Project("{FAE04EC0-301F-11D3-BF4B-00C04F79EFBC}") = "Northwind2.Context", "Northwind2.Context\Northwind2.Context.csproj", "{555C1138-4887-43F0-A5D0-8FAAE5702BE7}"
EndProject
Project("{FAE04EC0-301F-11D3-BF4B-00C04F79EFBC}") = "Northwind2.DAL", "Northwind2.DAL\Northwind2.DAL.csproj", "{51745F1B-C9B5-4409-9410-FA39994E95DC}"
EndProject
Project("{FAE04EC0-301F-11D3-BF4B-00C04F79EFBC}") = "Northwind2.Repositories", "Northwind2.Repositories\Northwind2.Repositories.csproj", "{1603A3AD-AFE9-4233-AFBA-30202C0F229D}"
EndProject
Project("{FAE04EC0-301F-11D3-BF4B-00C04F79EFBC}") = "Northwind2.Repositories.Tests", "Northwind2.Repositories.Tests\Northwind2.Repositories.Tests.csproj", "{55432214-E9AF-4ED5-8D7F-DB91DA17A6A5}"
EndProject
Project("{FAE04EC0-301F-11D3-BF4B-00C04F79EFBC}") = "Northwind2.Mvc3UI", "Northwind2.Mvc3UI\Northwind2.Mvc3UI.csproj", "{7CB4728D-476E-4E03-8209-E1517BD6BCE0}"
EndProject
Project("{FAE04EC0-301F-11D3-BF4B-00C04F79EFBC}") = "Northwind2.Mvc3UI.Tests", "Northwind2.Mvc3UI.Tests\Northwind2.Mvc3UI.Tests.csproj", "{E9192218-B735-43E2-80EA-6022DA1FC647}"
EndProject
Project("{FAE04EC0-301F-11D3-BF4B-00C04F79EFBC}") = "Northwind2.ServiceWcf", "Northwind2.ServiceWcf\Northwind2.ServiceWcf.csproj", "{DD246D4B-BCED-4746-849E-83D6BFE9BD4C}"
EndProject
Project("{FAE04EC0-301F-11D3-BF4B-00C04F79EFBC}") = "Northwind2.ServiceWcf.Proxies", "Northwind2.ServiceWcf.Proxies\Northwind2.ServiceWcf.Proxies.csproj", "{4DB2C577-2C69-44DE-AB43-491539930608}"
	ProjectSection(ProjectDependencies) = postProject
		{DD246D4B-BCED-4746-849E-83D6BFE9BD4C} = {DD246D4B-BCED-4746-849E-83D6BFE9BD4C}
	EndProjectSection
EndProject
Project("{FAE04EC0-301F-11D3-BF4B-00C04F79EFBC}") = "Northwind2.ServiceWcf.Tests", "Northwind2.ServiceWcf.Tests\Northwind2.ServiceWcf.Tests.csproj", "{1A741566-E1B0-4125-91CF-FF3113509934}"
EndProject
Project("{FAE04EC0-301F-11D3-BF4B-00C04F79EFBC}") = "Northwind2.Entities", "Northwind2.Entities\Northwind2.Entities.csproj", "{DC05D88E-3E99-45A4-8B85-806BBA34606B}"
EndProject
Project("{2150E333-8FDC-42A3-9474-1A3956D46DE8}") = "Search", "Search", "{0C2BEF4E-2653-40D4-B134-4ADE3D5D528E}"
EndProject
Project("{2150E333-8FDC-42A3-9474-1A3956D46DE8}") = "BusinessLogicLayer", "BusinessLogicLayer", "{F19CB19C-7FE5-45E6-9A2E-E88434FE769E}"
EndProject
Project("{2150E333-8FDC-42A3-9474-1A3956D46DE8}") = "WcfServices", "WcfServices", "{A490D64C-02E3-4DB6-87D5-4B28F2064FDF}"
EndProject
Project("{2150E333-8FDC-42A3-9474-1A3956D46DE8}") = "UnitTests", "UnitTests", "{407DFDDF-3262-45F3-B0BB-1AB838B8084F}"
EndProject
Project("{2150E333-8FDC-42A3-9474-1A3956D46DE8}") = "UI", "UI", "{F6D27824-20C2-4127-9D69-652E76E6843D}"
EndProject
Global
	GlobalSection(SolutionConfigurationPlatforms) = preSolution
		Debug|Any CPU = Debug|Any CPU
		Release|Any CPU = Release|Any CPU
	EndGlobalSection
	GlobalSection(ProjectConfigurationPlatforms) = postSolution
		{360F3B60-3B85-4425-BFB0-4E30447AA324}.Debug|Any CPU.ActiveCfg = Debug|Any CPU
		{360F3B60-3B85-4425-BFB0-4E30447AA324}.Debug|Any CPU.Build.0 = Debug|Any CPU
		{360F3B60-3B85-4425-BFB0-4E30447AA324}.Release|Any CPU.ActiveCfg = Release|Any CPU
		{360F3B60-3B85-4425-BFB0-4E30447AA324}.Release|Any CPU.Build.0 = Release|Any CPU
		{03E402A2-F3D5-444C-BB36-72C5D2C14D0B}.Debug|Any CPU.ActiveCfg = Debug|Any CPU
		{03E402A2-F3D5-444C-BB36-72C5D2C14D0B}.Debug|Any CPU.Build.0 = Debug|Any CPU
		{03E402A2-F3D5-444C-BB36-72C5D2C14D0B}.Release|Any CPU.ActiveCfg = Release|Any CPU
		{03E402A2-F3D5-444C-BB36-72C5D2C14D0B}.Release|Any CPU.Build.0 = Release|Any CPU
		{69573F5B-FF50-4F27-8633-61074232DABD}.Debug|Any CPU.ActiveCfg = Debug|Any CPU
		{69573F5B-FF50-4F27-8633-61074232DABD}.Debug|Any CPU.Build.0 = Debug|Any CPU
		{69573F5B-FF50-4F27-8633-61074232DABD}.Release|Any CPU.ActiveCfg = Release|Any CPU
		{69573F5B-FF50-4F27-8633-61074232DABD}.Release|Any CPU.Build.0 = Release|Any CPU
		{A4D63B87-B0FE-468F-B3A0-9271CBC302ED}.Debug|Any CPU.ActiveCfg = Debug|Any CPU
		{A4D63B87-B0FE-468F-B3A0-9271CBC302ED}.Debug|Any CPU.Build.0 = Debug|Any CPU
		{A4D63B87-B0FE-468F-B3A0-9271CBC302ED}.Release|Any CPU.ActiveCfg = Release|Any CPU
		{A4D63B87-B0FE-468F-B3A0-9271CBC302ED}.Release|Any CPU.Build.0 = Release|Any CPU
		{555C1138-4887-43F0-A5D0-8FAAE5702BE7}.Debug|Any CPU.ActiveCfg = Debug|Any CPU
		{555C1138-4887-43F0-A5D0-8FAAE5702BE7}.Debug|Any CPU.Build.0 = Debug|Any CPU
		{555C1138-4887-43F0-A5D0-8FAAE5702BE7}.Release|Any CPU.ActiveCfg = Release|Any CPU
		{555C1138-4887-43F0-A5D0-8FAAE5702BE7}.Release|Any CPU.Build.0 = Release|Any CPU
		{51745F1B-C9B5-4409-9410-FA39994E95DC}.Debug|Any CPU.ActiveCfg = Debug|Any CPU
		{51745F1B-C9B5-4409-9410-FA39994E95DC}.Debug|Any CPU.Build.0 = Debug|Any CPU
		{51745F1B-C9B5-4409-9410-FA39994E95DC}.Release|Any CPU.ActiveCfg = Release|Any CPU
		{51745F1B-C9B5-4409-9410-FA39994E95DC}.Release|Any CPU.Build.0 = Release|Any CPU
		{1603A3AD-AFE9-4233-AFBA-30202C0F229D}.Debug|Any CPU.ActiveCfg = Debug|Any CPU
		{1603A3AD-AFE9-4233-AFBA-30202C0F229D}.Debug|Any CPU.Build.0 = Debug|Any CPU
		{1603A3AD-AFE9-4233-AFBA-30202C0F229D}.Release|Any CPU.ActiveCfg = Release|Any CPU
		{1603A3AD-AFE9-4233-AFBA-30202C0F229D}.Release|Any CPU.Build.0 = Release|Any CPU
		{55432214-E9AF-4ED5-8D7F-DB91DA17A6A5}.Debug|Any CPU.ActiveCfg = Debug|Any CPU
		{55432214-E9AF-4ED5-8D7F-DB91DA17A6A5}.Debug|Any CPU.Build.0 = Debug|Any CPU
		{55432214-E9AF-4ED5-8D7F-DB91DA17A6A5}.Release|Any CPU.ActiveCfg = Release|Any CPU
		{55432214-E9AF-4ED5-8D7F-DB91DA17A6A5}.Release|Any CPU.Build.0 = Release|Any CPU
		{7CB4728D-476E-4E03-8209-E1517BD6BCE0}.Debug|Any CPU.ActiveCfg = Debug|Any CPU
		{7CB4728D-476E-4E03-8209-E1517BD6BCE0}.Debug|Any CPU.Build.0 = Debug|Any CPU
		{7CB4728D-476E-4E03-8209-E1517BD6BCE0}.Release|Any CPU.ActiveCfg = Release|Any CPU
		{7CB4728D-476E-4E03-8209-E1517BD6BCE0}.Release|Any CPU.Build.0 = Release|Any CPU
		{E9192218-B735-43E2-80EA-6022DA1FC647}.Debug|Any CPU.ActiveCfg = Debug|Any CPU
		{E9192218-B735-43E2-80EA-6022DA1FC647}.Debug|Any CPU.Build.0 = Debug|Any CPU
		{E9192218-B735-43E2-80EA-6022DA1FC647}.Release|Any CPU.ActiveCfg = Release|Any CPU
		{E9192218-B735-43E2-80EA-6022DA1FC647}.Release|Any CPU.Build.0 = Release|Any CPU
		{DD246D4B-BCED-4746-849E-83D6BFE9BD4C}.Debug|Any CPU.ActiveCfg = Debug|Any CPU
		{DD246D4B-BCED-4746-849E-83D6BFE9BD4C}.Debug|Any CPU.Build.0 = Debug|Any CPU
		{DD246D4B-BCED-4746-849E-83D6BFE9BD4C}.Release|Any CPU.ActiveCfg = Release|Any CPU
		{DD246D4B-BCED-4746-849E-83D6BFE9BD4C}.Release|Any CPU.Build.0 = Release|Any CPU
		{4DB2C577-2C69-44DE-AB43-491539930608}.Debug|Any CPU.ActiveCfg = Debug|Any CPU
		{4DB2C577-2C69-44DE-AB43-491539930608}.Debug|Any CPU.Build.0 = Debug|Any CPU
		{4DB2C577-2C69-44DE-AB43-491539930608}.Release|Any CPU.ActiveCfg = Release|Any CPU
		{4DB2C577-2C69-44DE-AB43-491539930608}.Release|Any CPU.Build.0 = Release|Any CPU
		{1A741566-E1B0-4125-91CF-FF3113509934}.Debug|Any CPU.ActiveCfg = Debug|Any CPU
		{1A741566-E1B0-4125-91CF-FF3113509934}.Debug|Any CPU.Build.0 = Debug|Any CPU
		{1A741566-E1B0-4125-91CF-FF3113509934}.Release|Any CPU.ActiveCfg = Release|Any CPU
		{1A741566-E1B0-4125-91CF-FF3113509934}.Release|Any CPU.Build.0 = Release|Any CPU
		{DC05D88E-3E99-45A4-8B85-806BBA34606B}.Debug|Any CPU.ActiveCfg = Debug|Any CPU
		{DC05D88E-3E99-45A4-8B85-806BBA34606B}.Debug|Any CPU.Build.0 = Debug|Any CPU
		{DC05D88E-3E99-45A4-8B85-806BBA34606B}.Release|Any CPU.ActiveCfg = Release|Any CPU
		{DC05D88E-3E99-45A4-8B85-806BBA34606B}.Release|Any CPU.Build.0 = Release|Any CPU
	EndGlobalSection
	GlobalSection(SolutionProperties) = preSolution
		HideSolutionNode = FALSE
	EndGlobalSection
	GlobalSection(NestedProjects) = preSolution
		{360F3B60-3B85-4425-BFB0-4E30447AA324} = {0C2BEF4E-2653-40D4-B134-4ADE3D5D528E}
		{03E402A2-F3D5-444C-BB36-72C5D2C14D0B} = {F19CB19C-7FE5-45E6-9A2E-E88434FE769E}
		{69573F5B-FF50-4F27-8633-61074232DABD} = {407DFDDF-3262-45F3-B0BB-1AB838B8084F}
		{555C1138-4887-43F0-A5D0-8FAAE5702BE7} = {0C2BEF4E-2653-40D4-B134-4ADE3D5D528E}
		{51745F1B-C9B5-4409-9410-FA39994E95DC} = {0C2BEF4E-2653-40D4-B134-4ADE3D5D528E}
		{1603A3AD-AFE9-4233-AFBA-30202C0F229D} = {0C2BEF4E-2653-40D4-B134-4ADE3D5D528E}
		{55432214-E9AF-4ED5-8D7F-DB91DA17A6A5} = {407DFDDF-3262-45F3-B0BB-1AB838B8084F}
		{7CB4728D-476E-4E03-8209-E1517BD6BCE0} = {F6D27824-20C2-4127-9D69-652E76E6843D}
		{E9192218-B735-43E2-80EA-6022DA1FC647} = {407DFDDF-3262-45F3-B0BB-1AB838B8084F}
		{DD246D4B-BCED-4746-849E-83D6BFE9BD4C} = {A490D64C-02E3-4DB6-87D5-4B28F2064FDF}
		{4DB2C577-2C69-44DE-AB43-491539930608} = {A490D64C-02E3-4DB6-87D5-4B28F2064FDF}
		{1A741566-E1B0-4125-91CF-FF3113509934} = {407DFDDF-3262-45F3-B0BB-1AB838B8084F}
		{DC05D88E-3E99-45A4-8B85-806BBA34606B} = {0C2BEF4E-2653-40D4-B134-4ADE3D5D528E}
	EndGlobalSection
	GlobalSection(ExtensibilityGlobals) = postSolution
		EnterpriseLibraryConfigurationToolBinariesPath = packages\Unity.2.1.505.2\lib\NET35;packages\Unity.2.1.505.0\lib\NET35
		SolutionGuid = {6E7814C9-D94F-4795-A871-A56BD8118ABE}
	EndGlobalSection
EndGlobal
